{
  "pins" : [
    {
      "identity" : "atollextensionkit",
      "kind" : "localSourceControl",
      "location" : "/Users/hariharan/HobbyProjects/AtollExtensionKit",
      "state" : {
        "branch" : "feature/liveactivity",
        "revision" : "7864ea27865bd925c9668b19251213a96ed980a8"
      }
    }
  ],
  "version" : 2
}
